
Microsoft Visual Studio Solution File, Format Version 12.00
# Visual Studio Version 17
VisualStudioVersion = 17.9.34607.119
MinimumVisualStudioVersion = 10.0.40219.1
Project("{9A19103F-16F7-4668-BE54-9A1E7A4F7556}") = "PR1_SaveOcean", "PR1_SaveOcean\PR1_SaveOcean.csproj", "{5488987B-5AAD-4815-A94B-ED2E63D9C1DC}"
EndProject
Project("{9A19103F-16F7-4668-BE54-9A1E7A4F7556}") = "ClassMethods", "ClassMethods\ClassMethods.csproj", "{33ECEBC2-94B6-4CC8-9500-C77E6BA85957}"
EndProject
Project("{9A19103F-16F7-4668-BE54-9A1E7A4F7556}") = "ClassObjects", "ClassObjects\ClassObjects.csproj", "{B98E0BFC-738A-496E-9645-328A03D33531}"
EndProject
Project("{FAE04EC0-301F-11D3-BF4B-00C04F79EFBC}") = "TestProject", "TestProject\TestProject.csproj", "{C40F8108-F3A1-4688-ADCF-7CF315AEDFCD}"
EndProject
Global
	GlobalSection(SolutionConfigurationPlatforms) = preSolution
		Debug|Any CPU = Debug|Any CPU
		Release|Any CPU = Release|Any CPU
	EndGlobalSection
	GlobalSection(ProjectConfigurationPlatforms) = postSolution
		{5488987B-5AAD-4815-A94B-ED2E63D9C1DC}.Debug|Any CPU.ActiveCfg = Debug|Any CPU
		{5488987B-5AAD-4815-A94B-ED2E63D9C1DC}.Debug|Any CPU.Build.0 = Debug|Any CPU
		{5488987B-5AAD-4815-A94B-ED2E63D9C1DC}.Release|Any CPU.ActiveCfg = Release|Any CPU
		{5488987B-5AAD-4815-A94B-ED2E63D9C1DC}.Release|Any CPU.Build.0 = Release|Any CPU
		{33ECEBC2-94B6-4CC8-9500-C77E6BA85957}.Debug|Any CPU.ActiveCfg = Debug|Any CPU
		{33ECEBC2-94B6-4CC8-9500-C77E6BA85957}.Debug|Any CPU.Build.0 = Debug|Any CPU
		{33ECEBC2-94B6-4CC8-9500-C77E6BA85957}.Release|Any CPU.ActiveCfg = Release|Any CPU
		{33ECEBC2-94B6-4CC8-9500-C77E6BA85957}.Release|Any CPU.Build.0 = Release|Any CPU
		{B98E0BFC-738A-496E-9645-328A03D33531}.Debug|Any CPU.ActiveCfg = Debug|Any CPU
		{B98E0BFC-738A-496E-9645-328A03D33531}.Debug|Any CPU.Build.0 = Debug|Any CPU
		{B98E0BFC-738A-496E-9645-328A03D33531}.Release|Any CPU.ActiveCfg = Release|Any CPU
		{B98E0BFC-738A-496E-9645-328A03D33531}.Release|Any CPU.Build.0 = Release|Any CPU
		{C40F8108-F3A1-4688-ADCF-7CF315AEDFCD}.Debug|Any CPU.ActiveCfg = Debug|Any CPU
		{C40F8108-F3A1-4688-ADCF-7CF315AEDFCD}.Debug|Any CPU.Build.0 = Debug|Any CPU
		{C40F8108-F3A1-4688-ADCF-7CF315AEDFCD}.Release|Any CPU.ActiveCfg = Release|Any CPU
		{C40F8108-F3A1-4688-ADCF-7CF315AEDFCD}.Release|Any CPU.Build.0 = Release|Any CPU
	EndGlobalSection
	GlobalSection(SolutionProperties) = preSolution
		HideSolutionNode = FALSE
	EndGlobalSection
	GlobalSection(ExtensibilityGlobals) = postSolution
		SolutionGuid = {8B7A6A85-26DF-4F1C-B3CF-A483E1067C81}
	EndGlobalSection
EndGlobal
