
Microsoft Visual Studio Solution File, Format Version 12.00
# Visual Studio Version 17
VisualStudioVersion = 17.9.34607.119
MinimumVisualStudioVersion = 10.0.40219.1
Project("{9A19103F-16F7-4668-BE54-9A1E7A4F7556}") = "PR1_SaveOcean", "PR1_SaveOcean\PR1_SaveOcean.csproj", "{5488987B-5AAD-4815-A94B-ED2E63D9C1DC}"
EndProject
Project("{FAE04EC0-301F-11D3-BF4B-00C04F79EFBC}") = "ClassMethods", "ClassLibrary\ClassMethods.csproj", "{817EA59A-4192-43E3-9264-16107E298385}"
EndProject
Project("{FAE04EC0-301F-11D3-BF4B-00C04F79EFBC}") = "ClassObjects", "ClassObject\ClassObjects.csproj", "{5C405F10-4702-42DC-8F69-9994FAE8E83F}"
EndProject
Global
	GlobalSection(SolutionConfigurationPlatforms) = preSolution
		Debug|Any CPU = Debug|Any CPU
		Release|Any CPU = Release|Any CPU
	EndGlobalSection
	GlobalSection(ProjectConfigurationPlatforms) = postSolution
		{5488987B-5AAD-4815-A94B-ED2E63D9C1DC}.Debug|Any CPU.ActiveCfg = Debug|Any CPU
		{5488987B-5AAD-4815-A94B-ED2E63D9C1DC}.Debug|Any CPU.Build.0 = Debug|Any CPU
		{5488987B-5AAD-4815-A94B-ED2E63D9C1DC}.Release|Any CPU.ActiveCfg = Release|Any CPU
		{5488987B-5AAD-4815-A94B-ED2E63D9C1DC}.Release|Any CPU.Build.0 = Release|Any CPU
		{817EA59A-4192-43E3-9264-16107E298385}.Debug|Any CPU.ActiveCfg = Debug|Any CPU
		{817EA59A-4192-43E3-9264-16107E298385}.Debug|Any CPU.Build.0 = Debug|Any CPU
		{817EA59A-4192-43E3-9264-16107E298385}.Release|Any CPU.ActiveCfg = Release|Any CPU
		{817EA59A-4192-43E3-9264-16107E298385}.Release|Any CPU.Build.0 = Release|Any CPU
		{5C405F10-4702-42DC-8F69-9994FAE8E83F}.Debug|Any CPU.ActiveCfg = Debug|Any CPU
		{5C405F10-4702-42DC-8F69-9994FAE8E83F}.Debug|Any CPU.Build.0 = Debug|Any CPU
		{5C405F10-4702-42DC-8F69-9994FAE8E83F}.Release|Any CPU.ActiveCfg = Release|Any CPU
		{5C405F10-4702-42DC-8F69-9994FAE8E83F}.Release|Any CPU.Build.0 = Release|Any CPU
	EndGlobalSection
	GlobalSection(SolutionProperties) = preSolution
		HideSolutionNode = FALSE
	EndGlobalSection
	GlobalSection(ExtensibilityGlobals) = postSolution
		SolutionGuid = {8B7A6A85-26DF-4F1C-B3CF-A483E1067C81}
	EndGlobalSection
EndGlobal
